{
  "nodes": {
    "nixpkgs": {
      "locked": {
        "lastModified": 1668596599,
        "narHash": "sha256-rhHyZTGI31/OfgYa9xF49UTchDXTI94pEsSNa0fOkpk=",
        "owner": "nixos",
        "repo": "nixpkgs",
        "rev": "b457130e8a21608675ddf12c7d85227b22a27112",
        "type": "github"
      },
      "original": {
        "owner": "nixos",
        "ref": "nixos-unstable",
        "repo": "nixpkgs",
        "type": "github"
      }
    },
    "nixpkgs-stable": {
      "locked": {
        "lastModified": 1668595291,
        "narHash": "sha256-j8cyfbtT5sAYPYwbERgTDzfD48ZernL0/V668eGpXAM=",
        "owner": "nixos",
        "repo": "nixpkgs",
        "rev": "6474d93e007e4d165bcf48e7f87de2175c93d10b",
        "type": "github"
      },
      "original": {
        "owner": "nixos",
        "ref": "nixos-22.05",
        "repo": "nixpkgs",
        "type": "github"
      }
    },
    "nixpkgs_2": {
      "locked": {
        "lastModified": 1655361562,
        "narHash": "sha256-chPaIIhmdL6jdZWpf/K6yQCsuBNOYuMqbJsNpLfrdTE=",
        "owner": "NixOS",
        "repo": "nixpkgs",
        "rev": "0b59d075675dc28bf9ebab466033280096c8d4fe",
        "type": "github"
      },
      "original": {
        "id": "nixpkgs",
        "type": "indirect"
      }
    },
    "root": {
      "inputs": {
        "nixpkgs": "nixpkgs",
        "nixpkgs-stable": "nixpkgs-stable",
        "vscode-server": "vscode-server"
      }
    },
    "vscode-server": {
      "inputs": {
        "nixpkgs": "nixpkgs_2"
      },
      "locked": {
        "lastModified": 1662442857,
        "narHash": "sha256-e2ex4mO4q6UBoJvPSRdYBX1vIvpulqs6SNxvdSsL6uE=",
        "owner": "msteen",
        "repo": "nixos-vscode-server",
        "rev": "c54b714db58ad05d064f394d6603751ee6bd04f6",
        "type": "github"
      },
      "original": {
        "owner": "msteen",
        "repo": "nixos-vscode-server",
        "type": "github"
      }
    }
  },
  "root": "root",
  "version": 7
}
